
Microsoft Visual Studio Solution File, Format Version 12.00
# Visual Studio Version 17
VisualStudioVersion = 17.3.32811.315
MinimumVisualStudioVersion = 10.0.40219.1
Project("{FAE04EC0-301F-11D3-BF4B-00C04F79EFBC}") = "aula01", "aula01\aula01.csproj", "{CD4D1873-EF9C-4871-8949-0DCDC1A08B81}"
EndProject
Global
	GlobalSection(SolutionConfigurationPlatforms) = preSolution
		Debug|Any CPU = Debug|Any CPU
		Release|Any CPU = Release|Any CPU
	EndGlobalSection
	GlobalSection(ProjectConfigurationPlatforms) = postSolution
		{CD4D1873-EF9C-4871-8949-0DCDC1A08B81}.Debug|Any CPU.ActiveCfg = Debug|Any CPU
		{CD4D1873-EF9C-4871-8949-0DCDC1A08B81}.Debug|Any CPU.Build.0 = Debug|Any CPU
		{CD4D1873-EF9C-4871-8949-0DCDC1A08B81}.Release|Any CPU.ActiveCfg = Release|Any CPU
		{CD4D1873-EF9C-4871-8949-0DCDC1A08B81}.Release|Any CPU.Build.0 = Release|Any CPU
	EndGlobalSection
	GlobalSection(SolutionProperties) = preSolution
		HideSolutionNode = FALSE
	EndGlobalSection
	GlobalSection(ExtensibilityGlobals) = postSolution
		SolutionGuid = {6B56487B-DAE5-4931-800A-0A7AD3D73EF3}
	EndGlobalSection
EndGlobal
